{
  "nodes": {
    "cosmic-applets-collection": {
      "inputs": {
        "nixpkgs": "nixpkgs"
      },
      "locked": {
        "lastModified": 1791468279,
        "narHash": "sha256-u91H2vZzu0wBFKU0ZHCVVOWp4ePsVoo1xeJh9v0H/jQ=",
        "owner": "wingej0",
        "repo": "ext-cosmic-applets-flake",
        "rev": "b082e598edb8300cabb2142221c6fb801f723611",
        "type": "github"
      },
      "original": {
        "owner": "wingej0",
        "repo": "ext-cosmic-applets-flake",
        "type": "github"
      }
    },
    "cosmic-manager": {
      "inputs": {
        "flake-parts": "flake-parts",
        "home-manager": [
          "home-manager"
        ],
        "nixpkgs": [
          "nixpkgs"
        ]
      },
      "locked": {
        "lastModified": 1791070782,
        "narHash": "sha256-1dHqiMHuMHvuru0f9ybyW+3XJHb7P8cz4k4GPa1YYyY=",
        "owner": "HeitorAugustoLN",
        "repo": "cosmic-manager",
        "rev": "f7e32c4b314f8c3a1a23cfdac65132c0ab87d80c",
        "type": "github"
      },
      "original": {
        "owner": "HeitorAugustoLN",
        "repo": "cosmic-manager",
        "type": "github"
      }
    },
    "flake-parts": {
      "inputs": {
        "nixpkgs-lib": [
          "cosmic-manager",
          "nixpkgs"
        ]
      },
      "locked": {
        "lastModified": 1759362264,
        "narHash": "sha256-wfG0S7pltlYyZTM+qqlhJ7GMw2fTF4mLKCIVhLii/4M=",
        "owner": "hercules-ci",
        "repo": "flake-parts",
        "rev": "758cf7296bee11f1706a574c77d072b8a7baa881",
        "type": "github"
      },
      "original": {
        "owner": "hercules-ci",
        "repo": "flake-parts",
        "type": "github"
      }
    },
    "flexoki": {
      "flake": false,
      "locked": {
        "lastModified": 1772915256,
        "narHash": "sha256-IxnvoZ9hGEvwq/PBbHTL5L2a2kxMSXSINIfd5Dg9ttA=",
        "owner": "kepano",
        "repo": "flexoki",
        "rev": "8d723bac4a9ac46adfdf99d42155286977aac72a",
        "type": "github"
      },
      "original": {
        "owner": "kepano",
        "repo": "flexoki",
        "type": "github"
      }
    },
    "home-manager": {
      "inputs": {
        "nixpkgs": [
          "nixpkgs"
        ]
      },
      "locked": {
        "lastModified": 1791293500,
        "narHash": "sha256-3hwJd2/vG/VYV1P/g7oDgdbNsWODhN5F//Od+hPMm2k=",
        "owner": "nix-community",
        "repo": "home-manager",
        "rev": "0e11b7bcba1d74ef8ea10bfdfb1e1a5811a21087",
        "type": "github"
      },
      "original": {
        "owner": "nix-community",
        "repo": "home-manager",
        "type": "github"
      }
    },
    "nixpkgs": {
      "locked": {
        "lastModified": 1791260994,
        "narHash": "sha256-Miqqk/ammqnTUxaoCyvtwoPeLbI1ksFyLxi/CazZpWY=",
        "owner": "nixos",
        "repo": "nixpkgs",
        "rev": "151fa4e8ddfdd8dd25d945ad94ed54a13de9f6e4",
        "type": "github"
      },
      "original": {
        "owner": "nixos",
        "ref": "nixos-unstable",
        "repo": "nixpkgs",
        "type": "github"
      }
    },
    "nixpkgs_2": {
      "locked": {
        "lastModified": 1790822859,
        "narHash": "sha256-69xHQhAeMAD2wDXO7T2pcOZIF9Sga2W+JkmY2a11Ops=",
        "owner": "nixos",
        "repo": "nixpkgs",
        "rev": "c59305bab2065cfecc4944690d9eedbb56f3a9fa",
        "type": "github"
      },
      "original": {
        "owner": "nixos",
        "ref": "nixos-unstable",
        "repo": "nixpkgs",
        "type": "github"
      }
    },
    "root": {
      "inputs": {
        "cosmic-applets-collection": "cosmic-applets-collection",
        "cosmic-manager": "cosmic-manager",
        "flexoki": "flexoki",
        "home-manager": "home-manager",
        "nixpkgs": "nixpkgs_2",
        "sidra": "sidra"
      }
    },
    "sidra": {
      "inputs": {
        "nixpkgs": [
          "nixpkgs"
        ]
      },
      "locked": {
        "lastModified": 1791104287,
        "narHash": "sha256-rTICOIpGoV+QRyzWJNFZACpVHOLyL77gcCL64erjvOg=",
        "owner": "wimpysworld",
        "repo": "sidra",
        "rev": "d752e7c5f602c84bc25006c358bd7df93b2a7d5f",
        "type": "github"
      },
      "original": {
        "owner": "wimpysworld",
        "repo": "sidra",
        "type": "github"
      }
    }
  },
  "root": "root",
  "version": 7
}
